<?xml version="1.0" encoding="utf-8"?>
<Project ToolsVersion="4.0" xmlns="http://schemas.microsoft.com/developer/msbuild/2003">
  <ItemGroup>
    <Filter Include="Dependencies">
      <UniqueIdentifier>{b1cae5f5-6b04-4a51-817a-e651e12cc23d}</UniqueIdentifier>
    </Filter>
    <Filter Include="Dependencies\Common">
      <UniqueIdentifier>{9b175a6e-426c-4352-955f-aeca09d83f10}</UniqueIdentifier>
    </Filter>
    <Filter Include="Dependencies\Tools">
      <UniqueIdentifier>{d0e9b4ee-2e02-4ab0-9291-b31e64f066fe}</UniqueIdentifier>
    </Filter>
    <Filter Include="Dependencies\Other">
      <UniqueIdentifier>{ab7fe9a7-517b-47ec-94b9-1f936ae3daee}</UniqueIdentifier>
    </Filter>
  </ItemGroup>
  <ItemGroup>
    <ClCompile Include="..\..\common\user.cpp">
      <Filter>Dependencies\Common</Filter>
    </ClCompile>
    <ClCompile Include="..\..\common\thread.cpp">
      <Filter>Dependencies\Common</Filter>
    </ClCompile>
    <ClCompile Include="..\..\common\text.cpp">
      <Filter>Dependencies\Common</Filter>
    </ClCompile>
    <ClCompile Include="..\..\common\state.cpp">
      <Filter>Dependencies\Common</Filter>
    </ClCompile>
    <ClCompile Include="..\..\common\sprite.cpp">
      <Filter>Dependencies\Common</Filter>
    </ClCompile>
    <ClCompile Include="..\..\common\sound.cpp">
      <Filter>Dependencies\Common</Filter>
    </ClCompile>
    <ClCompile Include="..\..\common\request.cpp">
      <Filter>Dependencies\Common</Filter>
    </ClCompile>
    <ClCompile Include="..\..\common\core.cpp">
      <Filter>Dependencies\Common</Filter>
    </ClCompile>
    <ClCompile Include="..\..\tools\loading.cpp">
      <Filter>Dependencies\Tools</Filter>
    </ClCompile>
    <ClCompile Include="..\..\tools\chat.cpp">
      <Filter>Dependencies\Tools</Filter>
    </ClCompile>
    <ClCompile Include="..\..\tools\button.cpp">
      <Filter>Dependencies\Tools</Filter>
    </ClCompile>
    <ClCompile Include="..\..\tools\circlebutton.cpp">
      <Filter>Dependencies\Tools</Filter>
    </ClCompile>
    <ClCompile Include="..\..\tools\linkbutton.cpp">
      <Filter>Dependencies\Tools</Filter>
    </ClCompile>
    <ClCompile Include="..\..\tools\pausesystem.cpp">
      <Filter>Dependencies\Tools</Filter>
    </ClCompile>
    <ClCompile Include="..\..\tools\squarebutton.cpp">
      <Filter>Dependencies\Tools</Filter>
    </ClCompile>
    <ClCompile Include="..\..\tools\volumebutton.cpp">
      <Filter>Dependencies\Tools</Filter>
    </ClCompile>
    <ClCompile Include="settings.cpp" />
    <ClCompile Include="menuinformation.cpp" />
    <ClCompile Include="menu.cpp" />
    <ClCompile Include="main.cpp" />
    <ClCompile Include="knightspecs.cpp" />
    <ClCompile Include="..\platform\knight\coxing.cpp">
      <Filter>Dependencies\Other</Filter>
    </ClCompile>
    <ClCompile Include="..\platform\knight\specs.cpp">
      <Filter>Dependencies\Other</Filter>
    </ClCompile>
    <ClCompile Include="..\..\common\music.cpp">
      <Filter>Dependencies\Common</Filter>
    </ClCompile>
  </ItemGroup>
  <ItemGroup>
    <ClInclude Include="..\..\common\user.h">
      <Filter>Dependencies\Common</Filter>
    </ClInclude>
    <ClInclude Include="..\..\common\thread.h">
      <Filter>Dependencies\Common</Filter>
    </ClInclude>
    <ClInclude Include="..\..\common\text.h">
      <Filter>Dependencies\Common</Filter>
    </ClInclude>
    <ClInclude Include="..\..\common\state.h">
      <Filter>Dependencies\Common</Filter>
    </ClInclude>
    <ClInclude Include="..\..\common\sprite.h">
      <Filter>Dependencies\Common</Filter>
    </ClInclude>
    <ClInclude Include="..\..\common\sound.h">
      <Filter>Dependencies\Common</Filter>
    </ClInclude>
    <ClInclude Include="..\..\common\request.h">
      <Filter>Dependencies\Common</Filter>
    </ClInclude>
    <ClInclude Include="..\..\common\logconsole.h">
      <Filter>Dependencies\Common</Filter>
    </ClInclude>
    <ClInclude Include="..\..\common\core.h">
      <Filter>Dependencies\Common</Filter>
    </ClInclude>
    <ClInclude Include="..\..\tools\loading.h">
      <Filter>Dependencies\Tools</Filter>
    </ClInclude>
    <ClInclude Include="..\..\tools\chat.h">
      <Filter>Dependencies\Tools</Filter>
    </ClInclude>
    <ClInclude Include="..\..\tools\button.h">
      <Filter>Dependencies\Tools</Filter>
    </ClInclude>
    <ClInclude Include="..\..\tools\circlebutton.h">
      <Filter>Dependencies\Tools</Filter>
    </ClInclude>
    <ClInclude Include="..\..\tools\linkbutton.h">
      <Filter>Dependencies\Tools</Filter>
    </ClInclude>
    <ClInclude Include="..\..\tools\pausesystem.h">
      <Filter>Dependencies\Tools</Filter>
    </ClInclude>
    <ClInclude Include="..\..\tools\squarebutton.h">
      <Filter>Dependencies\Tools</Filter>
    </ClInclude>
    <ClInclude Include="..\..\tools\volumebutton.h">
      <Filter>Dependencies\Tools</Filter>
    </ClInclude>
    <ClInclude Include="settings.h" />
    <ClInclude Include="menuinformation.h" />
    <ClInclude Include="menu.h" />
    <ClInclude Include="knightspecs.h" />
    <ClInclude Include="..\platform\knight\coxing.h">
      <Filter>Dependencies\Other</Filter>
    </ClInclude>
    <ClInclude Include="..\platform\knight\specs.h">
      <Filter>Dependencies\Other</Filter>
    </ClInclude>
    <ClInclude Include="..\..\common\music.h">
      <Filter>Dependencies\Common</Filter>
    </ClInclude>
  </ItemGroup>
</Project>