<?xml version="1.0" encoding="utf-8"?>
<Project ToolsVersion="4.0" xmlns="http://schemas.microsoft.com/developer/msbuild/2003">
  <ItemGroup>
    <Filter Include="Dependencies">
      <UniqueIdentifier>{c67064df-35b9-426d-9f7f-811335b00878}</UniqueIdentifier>
    </Filter>
    <Filter Include="Main">
      <UniqueIdentifier>{fc568578-bd84-4a5b-8c59-a412cbdc10f4}</UniqueIdentifier>
    </Filter>
  </ItemGroup>
  <ItemGroup>
    <ClCompile Include="main.cpp">
      <Filter>Main</Filter>
    </ClCompile>
    <ClCompile Include="editor.cpp">
      <Filter>Main</Filter>
    </ClCompile>
    <ClCompile Include="..\core\core.cpp">
      <Filter>Dependencies</Filter>
    </ClCompile>
    <ClCompile Include="..\common\music.cpp">
      <Filter>Dependencies</Filter>
    </ClCompile>
    <ClCompile Include="..\common\request.cpp">
      <Filter>Dependencies</Filter>
    </ClCompile>
    <ClCompile Include="..\common\sound.cpp">
      <Filter>Dependencies</Filter>
    </ClCompile>
    <ClCompile Include="..\common\sprite.cpp">
      <Filter>Dependencies</Filter>
    </ClCompile>
    <ClCompile Include="..\common\text.cpp">
      <Filter>Dependencies</Filter>
    </ClCompile>
    <ClCompile Include="..\levelmenu\chat.cpp">
      <Filter>Dependencies</Filter>
    </ClCompile>
    <ClCompile Include="..\menu\button.cpp">
      <Filter>Dependencies</Filter>
    </ClCompile>
    <ClCompile Include="..\menu\state.cpp">
      <Filter>Dependencies</Filter>
    </ClCompile>
    <ClCompile Include="editor_filemanager.cpp">
      <Filter>Main</Filter>
    </ClCompile>
    <ClCompile Include="editorwindow.cpp">
      <Filter>Main</Filter>
    </ClCompile>
  </ItemGroup>
  <ItemGroup>
    <ClInclude Include="editor.h">
      <Filter>Main</Filter>
    </ClInclude>
    <ClInclude Include="..\core\core.h">
      <Filter>Dependencies</Filter>
    </ClInclude>
    <ClInclude Include="..\common\music.h">
      <Filter>Dependencies</Filter>
    </ClInclude>
    <ClInclude Include="..\common\request.h">
      <Filter>Dependencies</Filter>
    </ClInclude>
    <ClInclude Include="..\common\sound.h">
      <Filter>Dependencies</Filter>
    </ClInclude>
    <ClInclude Include="..\common\sprite.h">
      <Filter>Dependencies</Filter>
    </ClInclude>
    <ClInclude Include="..\common\text.h">
      <Filter>Dependencies</Filter>
    </ClInclude>
    <ClInclude Include="..\levelmenu\chat.h">
      <Filter>Dependencies</Filter>
    </ClInclude>
    <ClInclude Include="..\menu\button.h">
      <Filter>Dependencies</Filter>
    </ClInclude>
    <ClInclude Include="..\menu\state.h">
      <Filter>Dependencies</Filter>
    </ClInclude>
    <ClInclude Include="editor_filemanager.h">
      <Filter>Main</Filter>
    </ClInclude>
    <ClInclude Include="editorwindow.h">
      <Filter>Main</Filter>
    </ClInclude>
  </ItemGroup>
</Project>