<?xml version="1.0" encoding="utf-8"?>
<Project ToolsVersion="4.0" xmlns="http://schemas.microsoft.com/developer/msbuild/2003">
  <ItemGroup>
    <Filter Include="Dependencies">
      <UniqueIdentifier>{64c1122a-ab8d-4e73-b675-7326f637e902}</UniqueIdentifier>
    </Filter>
  </ItemGroup>
  <ItemGroup>
    <ClCompile Include="main.cpp" />
    <ClCompile Include="..\..\core.cpp">
      <Filter>Dependencies</Filter>
    </ClCompile>
    <ClCompile Include="..\..\sprite.cpp" />
  </ItemGroup>
  <ItemGroup>
    <ClInclude Include="..\..\core.h">
      <Filter>Dependencies</Filter>
    </ClInclude>
    <ClInclude Include="..\..\sprite.h" />
  </ItemGroup>
</Project>