<?xml version="1.0" encoding="utf-8"?>
<Project ToolsVersion="4.0" xmlns="http://schemas.microsoft.com/developer/msbuild/2003">
  <ItemGroup>
    <Filter Include="Dependencies">
      <UniqueIdentifier>{c67064df-35b9-426d-9f7f-811335b00878}</UniqueIdentifier>
    </Filter>
    <Filter Include="Dependencies\Tools">
      <UniqueIdentifier>{39374436-d8ef-4464-81b5-06150785e6eb}</UniqueIdentifier>
    </Filter>
    <Filter Include="Dependencies\Common">
      <UniqueIdentifier>{715c5a78-d91b-4bd0-aacd-5857fd5d6aa2}</UniqueIdentifier>
    </Filter>
    <Filter Include="Editor File Manager">
      <UniqueIdentifier>{fa46cd32-61ea-405d-ab73-db7b499f6bdc}</UniqueIdentifier>
    </Filter>
    <Filter Include="Editor File Manager\File Manager">
      <UniqueIdentifier>{60580df9-e99b-4440-8828-53721a000be8}</UniqueIdentifier>
    </Filter>
    <Filter Include="Editor File Manager\Message Board">
      <UniqueIdentifier>{03cf31aa-ae5d-4099-a779-6f3443cd0944}</UniqueIdentifier>
    </Filter>
    <Filter Include="Editor File Manager\Buttons">
      <UniqueIdentifier>{9fd54c2d-97a2-4ed6-979b-09010d59aaf9}</UniqueIdentifier>
    </Filter>
    <Filter Include="Editor File Manager\Info">
      <UniqueIdentifier>{7143c29b-bbb5-4ec3-9ade-2214379a930d}</UniqueIdentifier>
    </Filter>
    <Filter Include="Editor File Manager\Library">
      <UniqueIdentifier>{3e26fe90-8c37-46b7-90ac-1e721f4d50c7}</UniqueIdentifier>
    </Filter>
    <Filter Include="Editor File Manager\Text Editor">
      <UniqueIdentifier>{ee7e6f58-60ed-4c9d-8373-24c48da2d11d}</UniqueIdentifier>
    </Filter>
    <Filter Include="Editor Action">
      <UniqueIdentifier>{0cf9005f-0a3c-408c-9c3a-a1d1acd4598b}</UniqueIdentifier>
    </Filter>
    <Filter Include="Other">
      <UniqueIdentifier>{d1c98336-8e03-49cb-8ef8-98e7e0de5a48}</UniqueIdentifier>
    </Filter>
    <Filter Include="Dependencies\Other">
      <UniqueIdentifier>{98539d6d-d035-4a99-bd8c-717ef2f75b70}</UniqueIdentifier>
    </Filter>
    <Filter Include="Editor Action\Other">
      <UniqueIdentifier>{50b6109c-3cf2-4cb6-8a51-70581c66eb03}</UniqueIdentifier>
    </Filter>
    <Filter Include="Editor Action\Entities">
      <UniqueIdentifier>{799c9bf2-b0e0-418b-a71f-abbecbd452da}</UniqueIdentifier>
    </Filter>
  </ItemGroup>
  <ItemGroup>
    <ClCompile Include="messageboard.cpp">
      <Filter>Editor File Manager\Message Board</Filter>
    </ClCompile>
    <ClCompile Include="editorfilemanager.cpp">
      <Filter>Editor File Manager</Filter>
    </ClCompile>
    <ClCompile Include="efmbuttons.cpp">
      <Filter>Editor File Manager\Buttons</Filter>
    </ClCompile>
    <ClCompile Include="efmlibrary.cpp">
      <Filter>Editor File Manager\Library</Filter>
    </ClCompile>
    <ClCompile Include="efminfo.cpp">
      <Filter>Editor File Manager\Info</Filter>
    </ClCompile>
    <ClCompile Include="efmtexteditor.cpp">
      <Filter>Editor File Manager\Text Editor</Filter>
    </ClCompile>
    <ClCompile Include="editornavigation.cpp">
      <Filter>Other</Filter>
    </ClCompile>
    <ClCompile Include="eainfo.cpp">
      <Filter>Editor Action\Other</Filter>
    </ClCompile>
    <ClCompile Include="eahistory.cpp">
      <Filter>Editor Action\Other</Filter>
    </ClCompile>
    <ClCompile Include="eatools.cpp">
      <Filter>Editor Action\Other</Filter>
    </ClCompile>
    <ClCompile Include="econtent.cpp">
      <Filter>Editor File Manager\File Manager</Filter>
    </ClCompile>
    <ClCompile Include="efilemanager.cpp">
      <Filter>Editor File Manager\File Manager</Filter>
    </ClCompile>
    <ClCompile Include="..\..\common\user.cpp">
      <Filter>Dependencies\Common</Filter>
    </ClCompile>
    <ClCompile Include="..\..\common\thread.cpp">
      <Filter>Dependencies\Common</Filter>
    </ClCompile>
    <ClCompile Include="..\..\common\text.cpp">
      <Filter>Dependencies\Common</Filter>
    </ClCompile>
    <ClCompile Include="..\..\common\state.cpp">
      <Filter>Dependencies\Common</Filter>
    </ClCompile>
    <ClCompile Include="..\..\common\sprite.cpp">
      <Filter>Dependencies\Common</Filter>
    </ClCompile>
    <ClCompile Include="..\..\common\sound.cpp">
      <Filter>Dependencies\Common</Filter>
    </ClCompile>
    <ClCompile Include="..\..\common\request.cpp">
      <Filter>Dependencies\Common</Filter>
    </ClCompile>
    <ClCompile Include="..\..\common\core.cpp">
      <Filter>Dependencies\Common</Filter>
    </ClCompile>
    <ClCompile Include="..\..\common\music.cpp">
      <Filter>Dependencies\Common</Filter>
    </ClCompile>
    <ClCompile Include="..\..\tools\circlebutton.cpp">
      <Filter>Dependencies\Tools</Filter>
    </ClCompile>
    <ClCompile Include="..\..\tools\button.cpp">
      <Filter>Dependencies\Tools</Filter>
    </ClCompile>
    <ClCompile Include="..\..\tools\loading.cpp">
      <Filter>Dependencies\Tools</Filter>
    </ClCompile>
    <ClCompile Include="main.cpp" />
    <ClCompile Include="editor.cpp" />
    <ClCompile Include="..\..\common\filemanager.cpp">
      <Filter>Dependencies\Common</Filter>
    </ClCompile>
    <ClCompile Include="..\..\common\fpsconsole.cpp">
      <Filter>Dependencies\Common</Filter>
    </ClCompile>
    <ClCompile Include="..\..\common\content.cpp">
      <Filter>Dependencies\Common</Filter>
    </ClCompile>
    <ClCompile Include="..\..\common\audio.cpp">
      <Filter>Dependencies\Common</Filter>
    </ClCompile>
    <ClCompile Include="..\..\common\coxing.cpp">
      <Filter>Dependencies\Common</Filter>
    </ClCompile>
    <ClCompile Include="eelandscape.cpp">
      <Filter>Editor Action\Entities</Filter>
    </ClCompile>
    <ClCompile Include="eeknight.cpp">
      <Filter>Editor Action\Entities</Filter>
    </ClCompile>
    <ClCompile Include="eetile.cpp">
      <Filter>Editor Action\Entities</Filter>
    </ClCompile>
    <ClCompile Include="..\..\common\converter.cpp">
      <Filter>Dependencies\Common</Filter>
    </ClCompile>
    <ClCompile Include="..\platform\platform\simulator\scontent.cpp">
      <Filter>Dependencies\Other</Filter>
    </ClCompile>
    <ClCompile Include="..\..\common\specs.cpp">
      <Filter>Dependencies\Common</Filter>
    </ClCompile>
    <ClCompile Include="eagrid.cpp">
      <Filter>Editor Action\Other</Filter>
    </ClCompile>
    <ClCompile Include="eafactory.cpp">
      <Filter>Editor Action</Filter>
    </ClCompile>
    <ClCompile Include="editoroptions.cpp">
      <Filter>Other</Filter>
    </ClCompile>
  </ItemGroup>
  <ItemGroup>
    <ClInclude Include="messageboard.h">
      <Filter>Editor File Manager\Message Board</Filter>
    </ClInclude>
    <ClInclude Include="editorfilemanager.h">
      <Filter>Editor File Manager</Filter>
    </ClInclude>
    <ClInclude Include="efmbuttons.h">
      <Filter>Editor File Manager\Buttons</Filter>
    </ClInclude>
    <ClInclude Include="efmlibrary.h">
      <Filter>Editor File Manager\Library</Filter>
    </ClInclude>
    <ClInclude Include="efminfo.h">
      <Filter>Editor File Manager\Info</Filter>
    </ClInclude>
    <ClInclude Include="efmtexteditor.h">
      <Filter>Editor File Manager\Text Editor</Filter>
    </ClInclude>
    <ClInclude Include="editornavigation.h">
      <Filter>Other</Filter>
    </ClInclude>
    <ClInclude Include="eainfo.h">
      <Filter>Editor Action\Other</Filter>
    </ClInclude>
    <ClInclude Include="eakind.h">
      <Filter>Editor Action\Other</Filter>
    </ClInclude>
    <ClInclude Include="eahistory.h">
      <Filter>Editor Action\Other</Filter>
    </ClInclude>
    <ClInclude Include="eatools.h">
      <Filter>Editor Action\Other</Filter>
    </ClInclude>
    <ClInclude Include="econtent.h">
      <Filter>Editor File Manager\File Manager</Filter>
    </ClInclude>
    <ClInclude Include="efilemanager.h">
      <Filter>Editor File Manager\File Manager</Filter>
    </ClInclude>
    <ClInclude Include="editor.h" />
    <ClInclude Include="eelandscape.h">
      <Filter>Editor Action\Entities</Filter>
    </ClInclude>
    <ClInclude Include="eeknight.h">
      <Filter>Editor Action\Entities</Filter>
    </ClInclude>
    <ClInclude Include="eetile.h">
      <Filter>Editor Action\Entities</Filter>
    </ClInclude>
    <ClInclude Include="eeentity.h">
      <Filter>Editor Action\Entities</Filter>
    </ClInclude>
    <ClInclude Include="eeitem.h">
      <Filter>Editor Action\Entities</Filter>
    </ClInclude>
    <ClInclude Include="eagrid.h">
      <Filter>Editor Action\Other</Filter>
    </ClInclude>
    <ClInclude Include="eafactory.h">
      <Filter>Editor Action</Filter>
    </ClInclude>
    <ClInclude Include="editoroptions.h">
      <Filter>Other</Filter>
    </ClInclude>
  </ItemGroup>
</Project>