<?xml version="1.0" encoding="utf-8"?>
<Project ToolsVersion="4.0" xmlns="http://schemas.microsoft.com/developer/msbuild/2003">
  <ItemGroup>
    <Filter Include="Dependencies">
      <UniqueIdentifier>{93995380-89BD-4b04-88EB-625FBE52EBFB}</UniqueIdentifier>
      <Extensions>h;hh;hpp;hxx;hm;inl;inc;ipp;xsd</Extensions>
    </Filter>
    <Filter Include="Dependencies\Tools">
      <UniqueIdentifier>{8da544b2-fb12-44a1-afb3-e977bbfbca20}</UniqueIdentifier>
    </Filter>
    <Filter Include="Dependencies\Common">
      <UniqueIdentifier>{d5607503-a1c9-4219-bb9c-2f78f45e43e2}</UniqueIdentifier>
    </Filter>
    <Filter Include="Other">
      <UniqueIdentifier>{fecbc6bb-4c22-4c87-a378-f4a6e865e9e3}</UniqueIdentifier>
    </Filter>
    <Filter Include="Simulator">
      <UniqueIdentifier>{1bdeebf7-2a25-4c54-912c-6e7cc3d4bd3c}</UniqueIdentifier>
    </Filter>
    <Filter Include="Knight">
      <UniqueIdentifier>{247d96dc-48f8-49ae-b699-312aa5571fb8}</UniqueIdentifier>
    </Filter>
  </ItemGroup>
  <ItemGroup>
    <ClCompile Include="..\..\..\tools\button.cpp">
      <Filter>Dependencies\Tools</Filter>
    </ClCompile>
    <ClCompile Include="..\..\..\tools\chat.cpp">
      <Filter>Dependencies\Tools</Filter>
    </ClCompile>
    <ClCompile Include="..\..\..\tools\circlebutton.cpp">
      <Filter>Dependencies\Tools</Filter>
    </ClCompile>
    <ClCompile Include="..\..\..\tools\fps.cpp">
      <Filter>Dependencies\Tools</Filter>
    </ClCompile>
    <ClCompile Include="..\..\..\tools\loading.cpp">
      <Filter>Dependencies\Tools</Filter>
    </ClCompile>
    <ClCompile Include="..\..\..\tools\pausesystem.cpp">
      <Filter>Dependencies\Tools</Filter>
    </ClCompile>
    <ClCompile Include="..\..\..\tools\volumebutton.cpp">
      <Filter>Dependencies\Tools</Filter>
    </ClCompile>
    <ClCompile Include="..\..\..\common\core.cpp">
      <Filter>Dependencies\Common</Filter>
    </ClCompile>
    <ClCompile Include="..\..\..\common\coxing.cpp">
      <Filter>Dependencies\Common</Filter>
    </ClCompile>
    <ClCompile Include="..\..\..\common\fpsconsole.cpp">
      <Filter>Dependencies\Common</Filter>
    </ClCompile>
    <ClCompile Include="..\..\..\common\music.cpp">
      <Filter>Dependencies\Common</Filter>
    </ClCompile>
    <ClCompile Include="..\..\..\common\request.cpp">
      <Filter>Dependencies\Common</Filter>
    </ClCompile>
    <ClCompile Include="..\..\..\common\sound.cpp">
      <Filter>Dependencies\Common</Filter>
    </ClCompile>
    <ClCompile Include="..\..\..\common\specs.cpp">
      <Filter>Dependencies\Common</Filter>
    </ClCompile>
    <ClCompile Include="..\..\..\common\sprite.cpp">
      <Filter>Dependencies\Common</Filter>
    </ClCompile>
    <ClCompile Include="..\..\..\common\state.cpp">
      <Filter>Dependencies\Common</Filter>
    </ClCompile>
    <ClCompile Include="..\..\..\common\text.cpp">
      <Filter>Dependencies\Common</Filter>
    </ClCompile>
    <ClCompile Include="..\..\..\common\thread.cpp">
      <Filter>Dependencies\Common</Filter>
    </ClCompile>
    <ClCompile Include="..\..\..\common\user.cpp">
      <Filter>Dependencies\Common</Filter>
    </ClCompile>
    <ClCompile Include="platform.cpp" />
    <ClCompile Include="main.cpp" />
    <ClCompile Include="moving_bg.cpp">
      <Filter>Other</Filter>
    </ClCompile>
    <ClCompile Include="tiles.cpp">
      <Filter>Other</Filter>
    </ClCompile>
    <ClCompile Include="kcoxing.cpp">
      <Filter>Knight</Filter>
    </ClCompile>
    <ClCompile Include="knight.cpp">
      <Filter>Knight</Filter>
    </ClCompile>
    <ClCompile Include="kspecs.cpp">
      <Filter>Knight</Filter>
    </ClCompile>
    <ClCompile Include="kstates.cpp">
      <Filter>Knight</Filter>
    </ClCompile>
    <ClCompile Include="..\..\..\tools\rectbutton.cpp">
      <Filter>Dependencies\Tools</Filter>
    </ClCompile>
    <ClCompile Include="..\..\..\common\content.cpp">
      <Filter>Dependencies\Common</Filter>
    </ClCompile>
    <ClCompile Include="simulator.cpp">
      <Filter>Simulator</Filter>
    </ClCompile>
    <ClCompile Include="scontent.cpp">
      <Filter>Simulator</Filter>
    </ClCompile>
    <ClCompile Include="..\..\..\common\audio.cpp">
      <Filter>Dependencies\Common</Filter>
    </ClCompile>
  </ItemGroup>
  <ItemGroup>
    <ClInclude Include="platform.h" />
    <ClInclude Include="moving_bg.h">
      <Filter>Other</Filter>
    </ClInclude>
    <ClInclude Include="tiles.h">
      <Filter>Other</Filter>
    </ClInclude>
    <ClInclude Include="kcoxing.h">
      <Filter>Knight</Filter>
    </ClInclude>
    <ClInclude Include="knight.h">
      <Filter>Knight</Filter>
    </ClInclude>
    <ClInclude Include="kspecs.h">
      <Filter>Knight</Filter>
    </ClInclude>
    <ClInclude Include="kstates.h">
      <Filter>Knight</Filter>
    </ClInclude>
    <ClInclude Include="simulator.h">
      <Filter>Simulator</Filter>
    </ClInclude>
    <ClInclude Include="scontent.h">
      <Filter>Simulator</Filter>
    </ClInclude>
  </ItemGroup>
</Project>