<?xml version="1.0" encoding="utf-8"?>
<Project ToolsVersion="4.0" xmlns="http://schemas.microsoft.com/developer/msbuild/2003">
  <ItemGroup>
    <ClCompile Include="main.cpp" />
    <ClCompile Include="..\..\tools\button.cpp">
      <Filter>Tools</Filter>
    </ClCompile>
    <ClCompile Include="..\..\tools\chat.cpp">
      <Filter>Tools</Filter>
    </ClCompile>
    <ClCompile Include="..\..\tools\circlebutton.cpp">
      <Filter>Tools</Filter>
    </ClCompile>
    <ClCompile Include="..\..\tools\fps.cpp">
      <Filter>Tools</Filter>
    </ClCompile>
    <ClCompile Include="..\..\tools\linkbutton.cpp">
      <Filter>Tools</Filter>
    </ClCompile>
    <ClCompile Include="..\..\tools\loading.cpp">
      <Filter>Tools</Filter>
    </ClCompile>
    <ClCompile Include="..\..\tools\pausesystem.cpp">
      <Filter>Tools</Filter>
    </ClCompile>
    <ClCompile Include="..\..\tools\rectbutton.cpp">
      <Filter>Tools</Filter>
    </ClCompile>
    <ClCompile Include="..\..\tools\squarebutton.cpp">
      <Filter>Tools</Filter>
    </ClCompile>
    <ClCompile Include="..\..\tools\volumebutton.cpp">
      <Filter>Tools</Filter>
    </ClCompile>
    <ClCompile Include="engine.cpp" />
    <ClCompile Include="..\init\initialization.cpp">
      <Filter>States\Init &amp; Login</Filter>
    </ClCompile>
    <ClCompile Include="..\init\login.cpp">
      <Filter>States\Init &amp; Login</Filter>
    </ClCompile>
    <ClCompile Include="..\menu\knightspecs.cpp">
      <Filter>States\Menu</Filter>
    </ClCompile>
    <ClCompile Include="..\menu\menu.cpp">
      <Filter>States\Menu</Filter>
    </ClCompile>
    <ClCompile Include="..\menu\menuinformation.cpp">
      <Filter>States\Menu</Filter>
    </ClCompile>
    <ClCompile Include="..\menu\settings.cpp">
      <Filter>States\Menu</Filter>
    </ClCompile>
    <ClCompile Include="..\levelmenu\levelmenu.cpp">
      <Filter>States\Level Menu</Filter>
    </ClCompile>
    <ClCompile Include="..\editor\eafactory.cpp">
      <Filter>States\Editor</Filter>
    </ClCompile>
    <ClCompile Include="..\editor\eagrid.cpp">
      <Filter>States\Editor</Filter>
    </ClCompile>
    <ClCompile Include="..\editor\eahistory.cpp">
      <Filter>States\Editor</Filter>
    </ClCompile>
    <ClCompile Include="..\editor\eainfo.cpp">
      <Filter>States\Editor</Filter>
    </ClCompile>
    <ClCompile Include="..\editor\eatools.cpp">
      <Filter>States\Editor</Filter>
    </ClCompile>
    <ClCompile Include="..\editor\econtent.cpp">
      <Filter>States\Editor</Filter>
    </ClCompile>
    <ClCompile Include="..\editor\editor.cpp">
      <Filter>States\Editor</Filter>
    </ClCompile>
    <ClCompile Include="..\editor\editorfilemanager.cpp">
      <Filter>States\Editor</Filter>
    </ClCompile>
    <ClCompile Include="..\editor\editornavigation.cpp">
      <Filter>States\Editor</Filter>
    </ClCompile>
    <ClCompile Include="..\editor\efilemanager.cpp">
      <Filter>States\Editor</Filter>
    </ClCompile>
    <ClCompile Include="..\editor\efmbuttons.cpp">
      <Filter>States\Editor</Filter>
    </ClCompile>
    <ClCompile Include="..\editor\efminfo.cpp">
      <Filter>States\Editor</Filter>
    </ClCompile>
    <ClCompile Include="..\editor\efmlibrary.cpp">
      <Filter>States\Editor</Filter>
    </ClCompile>
    <ClCompile Include="..\editor\efmtexteditor.cpp">
      <Filter>States\Editor</Filter>
    </ClCompile>
    <ClCompile Include="..\editor\messageboard.cpp">
      <Filter>States\Editor</Filter>
    </ClCompile>
    <ClCompile Include="..\editor\eeknight.cpp">
      <Filter>States\Editor</Filter>
    </ClCompile>
    <ClCompile Include="..\editor\eelandscape.cpp">
      <Filter>States\Editor</Filter>
    </ClCompile>
    <ClCompile Include="..\editor\eetile.cpp">
      <Filter>States\Editor</Filter>
    </ClCompile>
    <ClCompile Include="..\platform\foe\foeanimation.cpp">
      <Filter>States\Platform\Foe</Filter>
    </ClCompile>
    <ClCompile Include="..\platform\foe\foefactory.cpp">
      <Filter>States\Platform\Foe</Filter>
    </ClCompile>
    <ClCompile Include="..\platform\foe\foefeatures.cpp">
      <Filter>States\Platform\Foe</Filter>
    </ClCompile>
    <ClCompile Include="..\platform\foe\foetext.cpp">
      <Filter>States\Platform\Foe</Filter>
    </ClCompile>
    <ClCompile Include="..\platform\foe\foewrapper.cpp">
      <Filter>States\Platform\Foe</Filter>
    </ClCompile>
    <ClCompile Include="..\platform\foe\zombie.cpp">
      <Filter>States\Platform\Foe\Kind</Filter>
    </ClCompile>
    <ClCompile Include="..\platform\foe\skeleton.cpp">
      <Filter>States\Platform\Foe\Kind</Filter>
    </ClCompile>
    <ClCompile Include="..\..\common\audio.cpp">
      <Filter>Common</Filter>
    </ClCompile>
    <ClCompile Include="..\..\common\content.cpp">
      <Filter>Common</Filter>
    </ClCompile>
    <ClCompile Include="..\..\common\core.cpp">
      <Filter>Common</Filter>
    </ClCompile>
    <ClCompile Include="..\..\common\coxing.cpp">
      <Filter>Common</Filter>
    </ClCompile>
    <ClCompile Include="..\..\common\filemanager.cpp">
      <Filter>Common</Filter>
    </ClCompile>
    <ClCompile Include="..\..\common\fpsconsole.cpp">
      <Filter>Common</Filter>
    </ClCompile>
    <ClCompile Include="..\..\common\music.cpp">
      <Filter>Common</Filter>
    </ClCompile>
    <ClCompile Include="..\..\common\request.cpp">
      <Filter>Common</Filter>
    </ClCompile>
    <ClCompile Include="..\..\common\sound.cpp">
      <Filter>Common</Filter>
    </ClCompile>
    <ClCompile Include="..\..\common\specs.cpp">
      <Filter>Common</Filter>
    </ClCompile>
    <ClCompile Include="..\..\common\sprite.cpp">
      <Filter>Common</Filter>
    </ClCompile>
    <ClCompile Include="..\..\common\state.cpp">
      <Filter>Common</Filter>
    </ClCompile>
    <ClCompile Include="..\..\common\text.cpp">
      <Filter>Common</Filter>
    </ClCompile>
    <ClCompile Include="..\..\common\thread.cpp">
      <Filter>Common</Filter>
    </ClCompile>
    <ClCompile Include="..\..\common\user.cpp">
      <Filter>Common</Filter>
    </ClCompile>
    <ClCompile Include="..\..\common\converter.cpp">
      <Filter>Common</Filter>
    </ClCompile>
    <ClCompile Include="..\platform\platform\light system\lightpoint.cpp">
      <Filter>States\Platform\Light System</Filter>
    </ClCompile>
    <ClCompile Include="..\platform\platform\light system\lightsystem.cpp">
      <Filter>States\Platform\Light System</Filter>
    </ClCompile>
    <ClCompile Include="..\platform\platform\other\landscape.cpp">
      <Filter>States\Platform\Other</Filter>
    </ClCompile>
    <ClCompile Include="..\platform\platform\knight\eye.cpp">
      <Filter>States\Platform\Knight</Filter>
    </ClCompile>
    <ClCompile Include="..\platform\platform\knight\kcoxing.cpp">
      <Filter>States\Platform\Knight</Filter>
    </ClCompile>
    <ClCompile Include="..\platform\platform\knight\knight.cpp">
      <Filter>States\Platform\Knight</Filter>
    </ClCompile>
    <ClCompile Include="..\platform\platform\knight\kspecs.cpp">
      <Filter>States\Platform\Knight</Filter>
    </ClCompile>
    <ClCompile Include="..\platform\platform\knight\kstates.cpp">
      <Filter>States\Platform\Knight</Filter>
    </ClCompile>
    <ClCompile Include="..\platform\platform\other\movingbg.cpp">
      <Filter>States\Platform\Other</Filter>
    </ClCompile>
    <ClCompile Include="..\platform\platform\other\tiles.cpp">
      <Filter>States\Platform\Other</Filter>
    </ClCompile>
    <ClCompile Include="..\platform\platform\platform.cpp">
      <Filter>States\Platform</Filter>
    </ClCompile>
    <ClCompile Include="..\platform\platform\simulator\scontent.cpp">
      <Filter>States\Platform\Simulator</Filter>
    </ClCompile>
    <ClCompile Include="..\platform\platform\simulator\simulator.cpp">
      <Filter>States\Platform\Simulator</Filter>
    </ClCompile>
    <ClCompile Include="..\levelmenu\lvminformation.cpp">
      <Filter>States\Level Menu</Filter>
    </ClCompile>
  </ItemGroup>
  <ItemGroup>
    <Filter Include="Common">
      <UniqueIdentifier>{6d574f6e-791b-46ff-8b4f-e6184a4f763c}</UniqueIdentifier>
    </Filter>
    <Filter Include="Tools">
      <UniqueIdentifier>{0010951b-3d98-423c-b28e-4be69f6751bd}</UniqueIdentifier>
    </Filter>
    <Filter Include="States">
      <UniqueIdentifier>{3f0328be-558d-4a4b-9b1c-79703a002475}</UniqueIdentifier>
    </Filter>
    <Filter Include="States\Menu">
      <UniqueIdentifier>{5c9ebcde-5732-4f93-be15-c2afc403f039}</UniqueIdentifier>
    </Filter>
    <Filter Include="States\Level Menu">
      <UniqueIdentifier>{9e0b0d91-bc35-4ea6-ad15-9cf9d76d7323}</UniqueIdentifier>
    </Filter>
    <Filter Include="States\Editor">
      <UniqueIdentifier>{db20272b-c1c3-4955-9cbe-2f09f0c8ed39}</UniqueIdentifier>
    </Filter>
    <Filter Include="States\Init &amp; Login">
      <UniqueIdentifier>{d1b80366-42d8-49d7-a0a4-999c4b6b6d3f}</UniqueIdentifier>
    </Filter>
    <Filter Include="States\Platform">
      <UniqueIdentifier>{093664c2-5c50-47b2-b252-277b14d0b4b0}</UniqueIdentifier>
    </Filter>
    <Filter Include="States\Platform\Foe">
      <UniqueIdentifier>{56e4a66c-f968-4d03-a044-7650850e9ee9}</UniqueIdentifier>
    </Filter>
    <Filter Include="States\Platform\Knight">
      <UniqueIdentifier>{4e9c16e2-e445-4919-a2e9-6b3747577bda}</UniqueIdentifier>
    </Filter>
    <Filter Include="States\Platform\Simulator">
      <UniqueIdentifier>{132546be-6398-4ffd-b955-beed44849b0f}</UniqueIdentifier>
    </Filter>
    <Filter Include="States\Platform\Foe\Kind">
      <UniqueIdentifier>{d6e07bce-7035-4756-8add-e76a0d0864cf}</UniqueIdentifier>
    </Filter>
    <Filter Include="States\Platform\Other">
      <UniqueIdentifier>{b5af4066-f8e5-4ff9-94c1-f6a7b060b969}</UniqueIdentifier>
    </Filter>
    <Filter Include="States\Platform\Light System">
      <UniqueIdentifier>{8ac84f36-6273-45da-b2c6-5b65a9d55ffa}</UniqueIdentifier>
    </Filter>
  </ItemGroup>
  <ItemGroup>
    <ClInclude Include="engine.h" />
  </ItemGroup>
</Project>