<?xml version="1.0" encoding="utf-8"?>
<Project ToolsVersion="4.0" xmlns="http://schemas.microsoft.com/developer/msbuild/2003">
  <ItemGroup>
    <ClCompile Include="main.cpp" />
    <ClCompile Include="..\..\common\core.cpp">
      <Filter>Common</Filter>
    </ClCompile>
    <ClCompile Include="..\..\common\filemanager.cpp">
      <Filter>Common</Filter>
    </ClCompile>
    <ClCompile Include="..\..\common\fpsconsole.cpp">
      <Filter>Common</Filter>
    </ClCompile>
    <ClCompile Include="..\..\common\music.cpp">
      <Filter>Common</Filter>
    </ClCompile>
    <ClCompile Include="..\..\common\request.cpp">
      <Filter>Common</Filter>
    </ClCompile>
    <ClCompile Include="..\..\common\sound.cpp">
      <Filter>Common</Filter>
    </ClCompile>
    <ClCompile Include="..\..\common\sprite.cpp">
      <Filter>Common</Filter>
    </ClCompile>
    <ClCompile Include="..\..\common\state.cpp">
      <Filter>Common</Filter>
    </ClCompile>
    <ClCompile Include="..\..\common\text.cpp">
      <Filter>Common</Filter>
    </ClCompile>
    <ClCompile Include="..\..\common\thread.cpp">
      <Filter>Common</Filter>
    </ClCompile>
    <ClCompile Include="..\..\common\user.cpp">
      <Filter>Common</Filter>
    </ClCompile>
    <ClCompile Include="..\..\tools\button.cpp">
      <Filter>Tools</Filter>
    </ClCompile>
    <ClCompile Include="..\..\tools\chat.cpp">
      <Filter>Tools</Filter>
    </ClCompile>
    <ClCompile Include="..\..\tools\circlebutton.cpp">
      <Filter>Tools</Filter>
    </ClCompile>
    <ClCompile Include="..\..\tools\fps.cpp">
      <Filter>Tools</Filter>
    </ClCompile>
    <ClCompile Include="..\..\tools\linkbutton.cpp">
      <Filter>Tools</Filter>
    </ClCompile>
    <ClCompile Include="..\..\tools\loading.cpp">
      <Filter>Tools</Filter>
    </ClCompile>
    <ClCompile Include="..\..\tools\pausesystem.cpp">
      <Filter>Tools</Filter>
    </ClCompile>
    <ClCompile Include="..\..\tools\rectbutton.cpp">
      <Filter>Tools</Filter>
    </ClCompile>
    <ClCompile Include="..\..\tools\squarebutton.cpp">
      <Filter>Tools</Filter>
    </ClCompile>
    <ClCompile Include="..\..\tools\volumebutton.cpp">
      <Filter>Tools</Filter>
    </ClCompile>
    <ClCompile Include="engine.cpp" />
    <ClCompile Include="..\init\initialization.cpp">
      <Filter>States\Init &amp; Login</Filter>
    </ClCompile>
    <ClCompile Include="..\init\login.cpp">
      <Filter>States\Init &amp; Login</Filter>
    </ClCompile>
    <ClCompile Include="..\menu\knightspecs.cpp">
      <Filter>States\Menu</Filter>
    </ClCompile>
    <ClCompile Include="..\menu\menu.cpp">
      <Filter>States\Menu</Filter>
    </ClCompile>
    <ClCompile Include="..\menu\menuinformation.cpp">
      <Filter>States\Menu</Filter>
    </ClCompile>
    <ClCompile Include="..\menu\settings.cpp">
      <Filter>States\Menu</Filter>
    </ClCompile>
    <ClCompile Include="..\levelmenu\levelmenu.cpp">
      <Filter>States\Level Menu</Filter>
    </ClCompile>
    <ClCompile Include="..\levelmenu\levelmenuinformation.cpp">
      <Filter>States\Level Menu</Filter>
    </ClCompile>
    <ClCompile Include="..\editor\eaentitygrid.cpp">
      <Filter>States\Editor</Filter>
    </ClCompile>
    <ClCompile Include="..\editor\eaentityrect.cpp">
      <Filter>States\Editor</Filter>
    </ClCompile>
    <ClCompile Include="..\editor\eaentityspecial.cpp">
      <Filter>States\Editor</Filter>
    </ClCompile>
    <ClCompile Include="..\editor\eafactory.cpp">
      <Filter>States\Editor</Filter>
    </ClCompile>
    <ClCompile Include="..\editor\eagrid.cpp">
      <Filter>States\Editor</Filter>
    </ClCompile>
    <ClCompile Include="..\editor\eahistory.cpp">
      <Filter>States\Editor</Filter>
    </ClCompile>
    <ClCompile Include="..\editor\eainfo.cpp">
      <Filter>States\Editor</Filter>
    </ClCompile>
    <ClCompile Include="..\editor\eatools.cpp">
      <Filter>States\Editor</Filter>
    </ClCompile>
    <ClCompile Include="..\editor\econtent.cpp">
      <Filter>States\Editor</Filter>
    </ClCompile>
    <ClCompile Include="..\editor\editor.cpp">
      <Filter>States\Editor</Filter>
    </ClCompile>
    <ClCompile Include="..\editor\editoraction.cpp">
      <Filter>States\Editor</Filter>
    </ClCompile>
    <ClCompile Include="..\editor\editorfilemanager.cpp">
      <Filter>States\Editor</Filter>
    </ClCompile>
    <ClCompile Include="..\editor\editornavigation.cpp">
      <Filter>States\Editor</Filter>
    </ClCompile>
    <ClCompile Include="..\editor\efilemanager.cpp">
      <Filter>States\Editor</Filter>
    </ClCompile>
    <ClCompile Include="..\editor\efmbuttons.cpp">
      <Filter>States\Editor</Filter>
    </ClCompile>
    <ClCompile Include="..\editor\efminfo.cpp">
      <Filter>States\Editor</Filter>
    </ClCompile>
    <ClCompile Include="..\editor\efmlibrary.cpp">
      <Filter>States\Editor</Filter>
    </ClCompile>
    <ClCompile Include="..\editor\efmtexteditor.cpp">
      <Filter>States\Editor</Filter>
    </ClCompile>
    <ClCompile Include="..\editor\messageboard.cpp">
      <Filter>States\Editor</Filter>
    </ClCompile>
    <ClCompile Include="..\..\common\coxing.cpp">
      <Filter>Common</Filter>
    </ClCompile>
    <ClCompile Include="..\..\common\specs.cpp">
      <Filter>Common</Filter>
    </ClCompile>
    <ClCompile Include="..\..\common\content.cpp">
      <Filter>Common</Filter>
    </ClCompile>
    <ClCompile Include="..\platform\wsim\wcontent.cpp">
      <Filter>States\Platform</Filter>
    </ClCompile>
    <ClCompile Include="..\platform\wsim\wsim.cpp">
      <Filter>States\Platform</Filter>
    </ClCompile>
  </ItemGroup>
  <ItemGroup>
    <Filter Include="Common">
      <UniqueIdentifier>{6d574f6e-791b-46ff-8b4f-e6184a4f763c}</UniqueIdentifier>
    </Filter>
    <Filter Include="Tools">
      <UniqueIdentifier>{0010951b-3d98-423c-b28e-4be69f6751bd}</UniqueIdentifier>
    </Filter>
    <Filter Include="States">
      <UniqueIdentifier>{3f0328be-558d-4a4b-9b1c-79703a002475}</UniqueIdentifier>
    </Filter>
    <Filter Include="States\Menu">
      <UniqueIdentifier>{5c9ebcde-5732-4f93-be15-c2afc403f039}</UniqueIdentifier>
    </Filter>
    <Filter Include="States\Level Menu">
      <UniqueIdentifier>{9e0b0d91-bc35-4ea6-ad15-9cf9d76d7323}</UniqueIdentifier>
    </Filter>
    <Filter Include="States\Editor">
      <UniqueIdentifier>{db20272b-c1c3-4955-9cbe-2f09f0c8ed39}</UniqueIdentifier>
    </Filter>
    <Filter Include="States\Init &amp; Login">
      <UniqueIdentifier>{d1b80366-42d8-49d7-a0a4-999c4b6b6d3f}</UniqueIdentifier>
    </Filter>
    <Filter Include="States\Platform">
      <UniqueIdentifier>{093664c2-5c50-47b2-b252-277b14d0b4b0}</UniqueIdentifier>
    </Filter>
  </ItemGroup>
  <ItemGroup>
    <ClInclude Include="engine.h" />
  </ItemGroup>
</Project>