<?xml version="1.0" encoding="utf-8"?>
<Project ToolsVersion="4.0" xmlns="http://schemas.microsoft.com/developer/msbuild/2003">
  <ItemGroup>
    <Filter Include="Dependencies">
      <UniqueIdentifier>{93995380-89BD-4b04-88EB-625FBE52EBFB}</UniqueIdentifier>
      <Extensions>h;hh;hpp;hxx;hm;inl;inc;ipp;xsd</Extensions>
    </Filter>
    <Filter Include="Dependencies\Common">
      <UniqueIdentifier>{e7610612-0757-4348-9a95-0822b2521da3}</UniqueIdentifier>
    </Filter>
    <Filter Include="Dependencies\Tools">
      <UniqueIdentifier>{a1366c9b-e92a-45d6-bb0b-2d9982acdb75}</UniqueIdentifier>
    </Filter>
    <Filter Include="Dependencies\Other">
      <UniqueIdentifier>{d065e993-cc38-4f63-bf44-eb3bf901bc27}</UniqueIdentifier>
    </Filter>
  </ItemGroup>
  <ItemGroup>
    <ClCompile Include="..\..\..\common\core.cpp">
      <Filter>Dependencies\Common</Filter>
    </ClCompile>
    <ClCompile Include="..\..\..\common\coxing.cpp">
      <Filter>Dependencies\Common</Filter>
    </ClCompile>
    <ClCompile Include="..\..\..\common\request.cpp">
      <Filter>Dependencies\Common</Filter>
    </ClCompile>
    <ClCompile Include="..\..\..\common\sound.cpp">
      <Filter>Dependencies\Common</Filter>
    </ClCompile>
    <ClCompile Include="..\..\..\common\specs.cpp">
      <Filter>Dependencies\Common</Filter>
    </ClCompile>
    <ClCompile Include="..\..\..\common\sprite.cpp">
      <Filter>Dependencies\Common</Filter>
    </ClCompile>
    <ClCompile Include="..\..\..\common\text.cpp">
      <Filter>Dependencies\Common</Filter>
    </ClCompile>
    <ClCompile Include="..\..\..\common\thread.cpp">
      <Filter>Dependencies\Common</Filter>
    </ClCompile>
    <ClCompile Include="..\..\..\common\user.cpp">
      <Filter>Dependencies\Common</Filter>
    </ClCompile>
    <ClCompile Include="kcoxing.cpp" />
    <ClCompile Include="knight.cpp" />
    <ClCompile Include="kspecs.cpp" />
    <ClCompile Include="kstates.cpp" />
    <ClCompile Include="main.cpp" />
    <ClCompile Include="..\..\..\tools\loading.cpp">
      <Filter>Dependencies\Tools</Filter>
    </ClCompile>
    <ClCompile Include="..\..\..\common\state.cpp">
      <Filter>Dependencies\Common</Filter>
    </ClCompile>
    <ClCompile Include="..\platform\tiles.cpp">
      <Filter>Dependencies\Other</Filter>
    </ClCompile>
  </ItemGroup>
  <ItemGroup>
    <ClInclude Include="..\..\..\common\core.h">
      <Filter>Dependencies\Common</Filter>
    </ClInclude>
    <ClInclude Include="..\..\..\common\coxing.h">
      <Filter>Dependencies\Common</Filter>
    </ClInclude>
    <ClInclude Include="..\..\..\common\eventwindow.h">
      <Filter>Dependencies\Common</Filter>
    </ClInclude>
    <ClInclude Include="..\..\..\common\request.h">
      <Filter>Dependencies\Common</Filter>
    </ClInclude>
    <ClInclude Include="..\..\..\common\sound.h">
      <Filter>Dependencies\Common</Filter>
    </ClInclude>
    <ClInclude Include="..\..\..\common\specs.h">
      <Filter>Dependencies\Common</Filter>
    </ClInclude>
    <ClInclude Include="..\..\..\common\sprite.h">
      <Filter>Dependencies\Common</Filter>
    </ClInclude>
    <ClInclude Include="..\..\..\common\text.h">
      <Filter>Dependencies\Common</Filter>
    </ClInclude>
    <ClInclude Include="..\..\..\common\thread.h">
      <Filter>Dependencies\Common</Filter>
    </ClInclude>
    <ClInclude Include="..\..\..\common\user.h">
      <Filter>Dependencies\Common</Filter>
    </ClInclude>
    <ClInclude Include="kcoxing.h" />
    <ClInclude Include="knight.h" />
    <ClInclude Include="kspecs.h" />
    <ClInclude Include="kstates.h" />
    <ClInclude Include="..\..\..\tools\loading.h">
      <Filter>Dependencies\Tools</Filter>
    </ClInclude>
    <ClInclude Include="..\..\..\common\state.h">
      <Filter>Dependencies\Common</Filter>
    </ClInclude>
    <ClInclude Include="..\platform\tiles.h">
      <Filter>Dependencies\Other</Filter>
    </ClInclude>
  </ItemGroup>
</Project>