<?xml version="1.0" encoding="utf-8"?>
<Project ToolsVersion="4.0" xmlns="http://schemas.microsoft.com/developer/msbuild/2003">
  <ItemGroup>
    <Filter Include="Main">
      <UniqueIdentifier>{869229a8-b262-4634-abdd-2a967343bf83}</UniqueIdentifier>
    </Filter>
    <Filter Include="Dependencies">
      <UniqueIdentifier>{03d7eab1-8bab-4f7e-8470-a2959298701d}</UniqueIdentifier>
    </Filter>
    <Filter Include="Main\Foes">
      <UniqueIdentifier>{38e8a98b-d952-4e78-aad9-2c2ad6cb7573}</UniqueIdentifier>
    </Filter>
    <Filter Include="Main\Foes\Other">
      <UniqueIdentifier>{f0f4d254-1f59-4188-95fe-91f47d516ae0}</UniqueIdentifier>
    </Filter>
    <Filter Include="Main\Foes\Tree">
      <UniqueIdentifier>{28989261-a7da-4f76-bfaf-a84369d3ebb2}</UniqueIdentifier>
    </Filter>
    <Filter Include="Main\Foes\Kind">
      <UniqueIdentifier>{5b2f8ac2-41fb-473c-99cf-bb88f1bbc0ec}</UniqueIdentifier>
    </Filter>
    <Filter Include="Dependencies\Common">
      <UniqueIdentifier>{c35b91be-381c-4929-af30-699916baa333}</UniqueIdentifier>
    </Filter>
    <Filter Include="Dependencies\Tools">
      <UniqueIdentifier>{1125d9fc-e27e-4f23-9e39-99c856b5f39a}</UniqueIdentifier>
    </Filter>
  </ItemGroup>
  <ItemGroup>
    <ClCompile Include="main.cpp">
      <Filter>Main</Filter>
    </ClCompile>
    <ClCompile Include="foefactory.cpp">
      <Filter>Main</Filter>
    </ClCompile>
    <ClCompile Include="foeanimation.cpp">
      <Filter>Main\Foes\Other</Filter>
    </ClCompile>
    <ClCompile Include="foetext.cpp">
      <Filter>Main\Foes\Other</Filter>
    </ClCompile>
    <ClCompile Include="foefeatures.cpp">
      <Filter>Main\Foes\Other</Filter>
    </ClCompile>
    <ClCompile Include="foewrapper.cpp">
      <Filter>Main\Foes\Tree</Filter>
    </ClCompile>
    <ClCompile Include="skeleton.cpp">
      <Filter>Main\Foes\Kind</Filter>
    </ClCompile>
    <ClCompile Include="zombie.cpp">
      <Filter>Main\Foes\Kind</Filter>
    </ClCompile>
    <ClCompile Include="..\..\..\common\thread.cpp">
      <Filter>Dependencies\Common</Filter>
    </ClCompile>
    <ClCompile Include="..\..\..\common\text.cpp">
      <Filter>Dependencies\Common</Filter>
    </ClCompile>
    <ClCompile Include="..\..\..\common\sprite.cpp">
      <Filter>Dependencies\Common</Filter>
    </ClCompile>
    <ClCompile Include="..\..\..\common\sound.cpp">
      <Filter>Dependencies\Common</Filter>
    </ClCompile>
    <ClCompile Include="..\..\..\common\request.cpp">
      <Filter>Dependencies\Common</Filter>
    </ClCompile>
    <ClCompile Include="..\..\..\common\core.cpp">
      <Filter>Dependencies\Common</Filter>
    </ClCompile>
    <ClCompile Include="..\..\..\common\music.cpp">
      <Filter>Dependencies\Common</Filter>
    </ClCompile>
    <ClCompile Include="..\..\..\common\audio.cpp">
      <Filter>Dependencies\Common</Filter>
    </ClCompile>
    <ClCompile Include="..\..\..\tools\loading.cpp">
      <Filter>Dependencies\Tools</Filter>
    </ClCompile>
    <ClCompile Include="..\..\..\common\state.cpp">
      <Filter>Dependencies\Common</Filter>
    </ClCompile>
  </ItemGroup>
  <ItemGroup>
    <ClInclude Include="foefactory.h">
      <Filter>Main</Filter>
    </ClInclude>
    <ClInclude Include="foeanimation.h">
      <Filter>Main\Foes\Other</Filter>
    </ClInclude>
    <ClInclude Include="foetext.h">
      <Filter>Main\Foes\Other</Filter>
    </ClInclude>
    <ClInclude Include="foefeatures.h">
      <Filter>Main\Foes\Other</Filter>
    </ClInclude>
    <ClInclude Include="foe.h">
      <Filter>Main\Foes\Tree</Filter>
    </ClInclude>
    <ClInclude Include="foewrapper.h">
      <Filter>Main\Foes\Tree</Filter>
    </ClInclude>
    <ClInclude Include="skeleton.h">
      <Filter>Main\Foes\Kind</Filter>
    </ClInclude>
    <ClInclude Include="zombie.h">
      <Filter>Main\Foes\Kind</Filter>
    </ClInclude>
  </ItemGroup>
</Project>