<?xml version="1.0" encoding="utf-8"?>
<Project ToolsVersion="4.0" xmlns="http://schemas.microsoft.com/developer/msbuild/2003">
  <ItemGroup>
    <Filter Include="Main">
      <UniqueIdentifier>{869229a8-b262-4634-abdd-2a967343bf83}</UniqueIdentifier>
    </Filter>
    <Filter Include="Dependencies">
      <UniqueIdentifier>{03d7eab1-8bab-4f7e-8470-a2959298701d}</UniqueIdentifier>
    </Filter>
  </ItemGroup>
  <ItemGroup>
    <ClCompile Include="main.cpp">
      <Filter>Main</Filter>
    </ClCompile>
    <ClCompile Include="..\common\music.cpp">
      <Filter>Dependencies</Filter>
    </ClCompile>
    <ClCompile Include="..\common\request.cpp">
      <Filter>Dependencies</Filter>
    </ClCompile>
    <ClCompile Include="..\common\sound.cpp">
      <Filter>Dependencies</Filter>
    </ClCompile>
    <ClCompile Include="..\common\sprite.cpp">
      <Filter>Dependencies</Filter>
    </ClCompile>
    <ClCompile Include="..\common\text.cpp">
      <Filter>Dependencies</Filter>
    </ClCompile>
    <ClCompile Include="foefactory.cpp">
      <Filter>Main</Filter>
    </ClCompile>
    <ClCompile Include="..\core\core.cpp">
      <Filter>Dependencies</Filter>
    </ClCompile>
    <ClCompile Include="xyquadtree.cpp">
      <Filter>Main</Filter>
    </ClCompile>
    <ClCompile Include="xynode.cpp">
      <Filter>Main</Filter>
    </ClCompile>
    <ClCompile Include="xyquad.cpp">
      <Filter>Main</Filter>
    </ClCompile>
  </ItemGroup>
  <ItemGroup>
    <ClInclude Include="..\common\music.h">
      <Filter>Dependencies</Filter>
    </ClInclude>
    <ClInclude Include="..\common\request.h">
      <Filter>Dependencies</Filter>
    </ClInclude>
    <ClInclude Include="..\common\sound.h">
      <Filter>Dependencies</Filter>
    </ClInclude>
    <ClInclude Include="..\common\sprite.h">
      <Filter>Dependencies</Filter>
    </ClInclude>
    <ClInclude Include="..\common\text.h">
      <Filter>Dependencies</Filter>
    </ClInclude>
    <ClInclude Include="foefactory.h">
      <Filter>Main</Filter>
    </ClInclude>
    <ClInclude Include="..\core\core.h">
      <Filter>Dependencies</Filter>
    </ClInclude>
    <ClInclude Include="xyquadtree.h">
      <Filter>Main</Filter>
    </ClInclude>
    <ClInclude Include="xynode.h">
      <Filter>Main</Filter>
    </ClInclude>
    <ClInclude Include="xyquad.h">
      <Filter>Main</Filter>
    </ClInclude>
  </ItemGroup>
</Project>